<?xml version="1.0" encoding="utf-8"?>
<Project ToolsVersion="4.0" xmlns="http://schemas.microsoft.com/developer/msbuild/2003">
  <ItemGroup>
    <Filter Include="Source Files">
      <UniqueIdentifier>{4FC737F1-C7A5-4376-A066-2A32D752A2FF}</UniqueIdentifier>
      <Extensions>cpp;c;cc;cxx;def;odl;idl;hpj;bat;asm;asmx</Extensions>
    </Filter>
    <Filter Include="Resource Files">
      <UniqueIdentifier>{67DA6AB6-F800-4c08-8B7A-83BB121AAD01}</UniqueIdentifier>
      <Extensions>rc;ico;cur;bmp;dlg;rc2;rct;bin;rgs;gif;jpg;jpeg;jpe;resx;tiff;tif;png;wav;mfcribbon-ms</Extensions>
    </Filter>
  </ItemGroup>
  <ItemGroup>
    <ClCompile Include="..\Src\AABB.cpp">
      <Filter>Source Files</Filter>
    </ClCompile>
    <ClCompile Include="..\Src\AABBTree.cpp">
      <Filter>Source Files</Filter>
    </ClCompile>
    <ClCompile Include="..\Src\Camera.cpp">
      <Filter>Source Files</Filter>
    </ClCompile>
    <ClCompile Include="..\Src\Cylinder.cpp">
      <Filter>Source Files</Filter>
    </ClCompile>
    <ClCompile Include="..\Src\ExampleScene.cpp">
      <Filter>Source Files</Filter>
    </ClCompile>
    <ClCompile Include="..\Src\main.cpp">
      <Filter>Source Files</Filter>
    </ClCompile>
    <ClCompile Include="..\Src\Material.cpp">
      <Filter>Source Files</Filter>
    </ClCompile>
    <ClCompile Include="..\Src\Scene.cpp">
      <Filter>Source Files</Filter>
    </ClCompile>
    <ClCompile Include="..\Src\Sphere.cpp">
      <Filter>Source Files</Filter>
    </ClCompile>
    <ClCompile Include="..\Src\Triangle.cpp">
      <Filter>Source Files</Filter>
    </ClCompile>
    <ClCompile Include="..\Src\TriangleMesh.cpp">
      <Filter>Source Files</Filter>
    </ClCompile>
    <ClCompile Include="..\Src\VolumetricTexture.cpp">
      <Filter>Source Files</Filter>
    </ClCompile>
  </ItemGroup>
  <ItemGroup>
    <ClInclude Include="..\Src\AABB.h">
      <Filter>Source Files</Filter>
    </ClInclude>
    <ClInclude Include="..\Src\AABBTree.h">
      <Filter>Source Files</Filter>
    </ClInclude>
    <ClInclude Include="..\Src\AmbientLight.h">
      <Filter>Source Files</Filter>
    </ClInclude>
    <ClInclude Include="..\Src\AreaLight.h">
      <Filter>Source Files</Filter>
    </ClInclude>
    <ClInclude Include="..\Src\Box.h">
      <Filter>Source Files</Filter>
    </ClInclude>
    <ClInclude Include="..\Src\Camera.h">
      <Filter>Source Files</Filter>
    </ClInclude>
    <ClInclude Include="..\Src\CompoundShape.h">
      <Filter>Source Files</Filter>
    </ClInclude>
    <ClInclude Include="..\Src\Cylinder.h">
      <Filter>Source Files</Filter>
    </ClInclude>
    <ClInclude Include="..\Src\DirectionalLight.h">
      <Filter>Source Files</Filter>
    </ClInclude>
    <ClInclude Include="..\Src\ExampleScene.h">
      <Filter>Source Files</Filter>
    </ClInclude>
    <ClInclude Include="..\Src\ImagePlane.h">
      <Filter>Source Files</Filter>
    </ClInclude>
    <ClInclude Include="..\Src\Intersection.h">
      <Filter>Source Files</Filter>
    </ClInclude>
    <ClInclude Include="..\Src\Jitter.h">
      <Filter>Source Files</Filter>
    </ClInclude>
    <ClInclude Include="..\Src\Light.h">
      <Filter>Source Files</Filter>
    </ClInclude>
    <ClInclude Include="..\Src\Material.h">
      <Filter>Source Files</Filter>
    </ClInclude>
    <ClInclude Include="..\Src\ObjectGroup.h">
      <Filter>Source Files</Filter>
    </ClInclude>
    <ClInclude Include="..\Src\PointLight.h">
      <Filter>Source Files</Filter>
    </ClInclude>
    <ClInclude Include="..\Src\Ray.h">
      <Filter>Source Files</Filter>
    </ClInclude>
    <ClInclude Include="..\Src\RayTrace.h">
      <Filter>Source Files</Filter>
    </ClInclude>
    <ClInclude Include="..\Src\Scene.h">
      <Filter>Source Files</Filter>
    </ClInclude>
    <ClInclude Include="..\Src\SceneObject.h">
      <Filter>Source Files</Filter>
    </ClInclude>
    <ClInclude Include="..\Src\Shape.h">
      <Filter>Source Files</Filter>
    </ClInclude>
    <ClInclude Include="..\Src\Sphere.h">
      <Filter>Source Files</Filter>
    </ClInclude>
    <ClInclude Include="..\Src\Triangle.h">
      <Filter>Source Files</Filter>
    </ClInclude>
    <ClInclude Include="..\Src\TriangleMesh.h">
      <Filter>Source Files</Filter>
    </ClInclude>
    <ClInclude Include="..\Src\UniformGrid.h">
      <Filter>Source Files</Filter>
    </ClInclude>
    <ClInclude Include="..\Src\VolumetricTexture.h">
      <Filter>Source Files</Filter>
    </ClInclude>
  </ItemGroup>
</Project>